
Microsoft Visual Studio Solution File, Format Version 12.00
# Visual Studio 15
VisualStudioVersion = 15.0.26430.12
MinimumVisualStudioVersion = 10.0.40219.1
Project("{FAE04EC0-301F-11D3-BF4B-00C04F79EFBC}") = "CSharp", "CSharp\CSharp.csproj", "{481EBD9E-9CF3-4266-95E4-7AE0F4716632}"
EndProject
Project("{FAE04EC0-301F-11D3-BF4B-00C04F79EFBC}") = "CSharp.Data", "CSharp.Data\CSharp.Data.csproj", "{A4C6547D-49B8-4A41-8593-2D5971E7D824}"
EndProject
Project("{FAE04EC0-301F-11D3-BF4B-00C04F79EFBC}") = "CSharp.Model", "CSharp.Model\CSharp.Model.csproj", "{C47019B2-E6F6-4048-86D8-547250817F0A}"
EndProject
Project("{FAE04EC0-301F-11D3-BF4B-00C04F79EFBC}") = "CSharp.Infrastructure", "CSharp.Infrastructure\CSharp.Infrastructure.csproj", "{68957B48-6A34-4519-A620-3FE12BF4D41D}"
EndProject
Project("{FAE04EC0-301F-11D3-BF4B-00C04F79EFBC}") = "CSharp.Data.Mock", "CSharp.Data.Mock\CSharp.Data.Mock.csproj", "{1B38C35E-54E5-478F-A821-483F0A369803}"
EndProject
Project("{FAE04EC0-301F-11D3-BF4B-00C04F79EFBC}") = "CSharp.Repositories", "CSharp.Repositories\CSharp.Repositories.csproj", "{BA270BA2-91A0-49A4-9164-F0DC990F1BC2}"
EndProject
Project("{FAE04EC0-301F-11D3-BF4B-00C04F79EFBC}") = "CSharp.Repositories.Interface", "CSharp.Repositories.Interface\CSharp.Repositories.Interface.csproj", "{E636766A-FCB5-4B4A-A802-C9CEB2317CBF}"
EndProject
Project("{2150E333-8FDC-42A3-9474-1A3956D46DE8}") = "Data Access Layer", "Data Access Layer", "{DC1713F1-0851-465B-B28D-6478C84ACB02}"
EndProject
Project("{2150E333-8FDC-42A3-9474-1A3956D46DE8}") = "Service Layer", "Service Layer", "{05F07DCE-8D38-401C-858D-40230C21F6DA}"
EndProject
Project("{FAE04EC0-301F-11D3-BF4B-00C04F79EFBC}") = "CSharp.Service", "CSharp.Service\CSharp.Service.csproj", "{A65899E6-F772-4D52-BBD3-1D678F565237}"
EndProject
Project("{2150E333-8FDC-42A3-9474-1A3956D46DE8}") = "Presentation Layer", "Presentation Layer", "{6BBB1A80-252C-4EBD-B5FB-4DB1C61C992F}"
EndProject
Project("{FAE04EC0-301F-11D3-BF4B-00C04F79EFBC}") = "CSharp.Web", "CSharp.Web\CSharp.Web.csproj", "{C67A1126-BC0A-4D76-B246-9A282B05123E}"
EndProject
Project("{FAE04EC0-301F-11D3-BF4B-00C04F79EFBC}") = "CSharp.Web.Tests", "CSharp.Web.Tests\CSharp.Web.Tests.csproj", "{B7B7D8C7-5E93-4D30-BB3C-DB832E9D8D84}"
EndProject
Global
	GlobalSection(SolutionConfigurationPlatforms) = preSolution
		Debug|Any CPU = Debug|Any CPU
		Release|Any CPU = Release|Any CPU
	EndGlobalSection
	GlobalSection(ProjectConfigurationPlatforms) = postSolution
		{481EBD9E-9CF3-4266-95E4-7AE0F4716632}.Debug|Any CPU.ActiveCfg = Debug|Any CPU
		{481EBD9E-9CF3-4266-95E4-7AE0F4716632}.Debug|Any CPU.Build.0 = Debug|Any CPU
		{481EBD9E-9CF3-4266-95E4-7AE0F4716632}.Release|Any CPU.ActiveCfg = Release|Any CPU
		{481EBD9E-9CF3-4266-95E4-7AE0F4716632}.Release|Any CPU.Build.0 = Release|Any CPU
		{A4C6547D-49B8-4A41-8593-2D5971E7D824}.Debug|Any CPU.ActiveCfg = Debug|Any CPU
		{A4C6547D-49B8-4A41-8593-2D5971E7D824}.Debug|Any CPU.Build.0 = Debug|Any CPU
		{A4C6547D-49B8-4A41-8593-2D5971E7D824}.Release|Any CPU.ActiveCfg = Release|Any CPU
		{A4C6547D-49B8-4A41-8593-2D5971E7D824}.Release|Any CPU.Build.0 = Release|Any CPU
		{C47019B2-E6F6-4048-86D8-547250817F0A}.Debug|Any CPU.ActiveCfg = Debug|Any CPU
		{C47019B2-E6F6-4048-86D8-547250817F0A}.Debug|Any CPU.Build.0 = Debug|Any CPU
		{C47019B2-E6F6-4048-86D8-547250817F0A}.Release|Any CPU.ActiveCfg = Release|Any CPU
		{C47019B2-E6F6-4048-86D8-547250817F0A}.Release|Any CPU.Build.0 = Release|Any CPU
		{68957B48-6A34-4519-A620-3FE12BF4D41D}.Debug|Any CPU.ActiveCfg = Debug|Any CPU
		{68957B48-6A34-4519-A620-3FE12BF4D41D}.Debug|Any CPU.Build.0 = Debug|Any CPU
		{68957B48-6A34-4519-A620-3FE12BF4D41D}.Release|Any CPU.ActiveCfg = Release|Any CPU
		{68957B48-6A34-4519-A620-3FE12BF4D41D}.Release|Any CPU.Build.0 = Release|Any CPU
		{1B38C35E-54E5-478F-A821-483F0A369803}.Debug|Any CPU.ActiveCfg = Debug|Any CPU
		{1B38C35E-54E5-478F-A821-483F0A369803}.Debug|Any CPU.Build.0 = Debug|Any CPU
		{1B38C35E-54E5-478F-A821-483F0A369803}.Release|Any CPU.ActiveCfg = Release|Any CPU
		{1B38C35E-54E5-478F-A821-483F0A369803}.Release|Any CPU.Build.0 = Release|Any CPU
		{BA270BA2-91A0-49A4-9164-F0DC990F1BC2}.Debug|Any CPU.ActiveCfg = Debug|Any CPU
		{BA270BA2-91A0-49A4-9164-F0DC990F1BC2}.Debug|Any CPU.Build.0 = Debug|Any CPU
		{BA270BA2-91A0-49A4-9164-F0DC990F1BC2}.Release|Any CPU.ActiveCfg = Release|Any CPU
		{BA270BA2-91A0-49A4-9164-F0DC990F1BC2}.Release|Any CPU.Build.0 = Release|Any CPU
		{E636766A-FCB5-4B4A-A802-C9CEB2317CBF}.Debug|Any CPU.ActiveCfg = Debug|Any CPU
		{E636766A-FCB5-4B4A-A802-C9CEB2317CBF}.Debug|Any CPU.Build.0 = Debug|Any CPU
		{E636766A-FCB5-4B4A-A802-C9CEB2317CBF}.Release|Any CPU.ActiveCfg = Release|Any CPU
		{E636766A-FCB5-4B4A-A802-C9CEB2317CBF}.Release|Any CPU.Build.0 = Release|Any CPU
		{A65899E6-F772-4D52-BBD3-1D678F565237}.Debug|Any CPU.ActiveCfg = Debug|Any CPU
		{A65899E6-F772-4D52-BBD3-1D678F565237}.Debug|Any CPU.Build.0 = Debug|Any CPU
		{A65899E6-F772-4D52-BBD3-1D678F565237}.Release|Any CPU.ActiveCfg = Release|Any CPU
		{A65899E6-F772-4D52-BBD3-1D678F565237}.Release|Any CPU.Build.0 = Release|Any CPU
		{C67A1126-BC0A-4D76-B246-9A282B05123E}.Debug|Any CPU.ActiveCfg = Debug|Any CPU
		{C67A1126-BC0A-4D76-B246-9A282B05123E}.Debug|Any CPU.Build.0 = Debug|Any CPU
		{C67A1126-BC0A-4D76-B246-9A282B05123E}.Release|Any CPU.ActiveCfg = Release|Any CPU
		{C67A1126-BC0A-4D76-B246-9A282B05123E}.Release|Any CPU.Build.0 = Release|Any CPU
		{B7B7D8C7-5E93-4D30-BB3C-DB832E9D8D84}.Debug|Any CPU.ActiveCfg = Debug|Any CPU
		{B7B7D8C7-5E93-4D30-BB3C-DB832E9D8D84}.Debug|Any CPU.Build.0 = Debug|Any CPU
		{B7B7D8C7-5E93-4D30-BB3C-DB832E9D8D84}.Release|Any CPU.ActiveCfg = Release|Any CPU
		{B7B7D8C7-5E93-4D30-BB3C-DB832E9D8D84}.Release|Any CPU.Build.0 = Release|Any CPU
	EndGlobalSection
	GlobalSection(SolutionProperties) = preSolution
		HideSolutionNode = FALSE
	EndGlobalSection
	GlobalSection(NestedProjects) = preSolution
		{A4C6547D-49B8-4A41-8593-2D5971E7D824} = {DC1713F1-0851-465B-B28D-6478C84ACB02}
		{C47019B2-E6F6-4048-86D8-547250817F0A} = {DC1713F1-0851-465B-B28D-6478C84ACB02}
		{68957B48-6A34-4519-A620-3FE12BF4D41D} = {DC1713F1-0851-465B-B28D-6478C84ACB02}
		{1B38C35E-54E5-478F-A821-483F0A369803} = {DC1713F1-0851-465B-B28D-6478C84ACB02}
		{BA270BA2-91A0-49A4-9164-F0DC990F1BC2} = {DC1713F1-0851-465B-B28D-6478C84ACB02}
		{E636766A-FCB5-4B4A-A802-C9CEB2317CBF} = {DC1713F1-0851-465B-B28D-6478C84ACB02}
		{A65899E6-F772-4D52-BBD3-1D678F565237} = {05F07DCE-8D38-401C-858D-40230C21F6DA}
		{C67A1126-BC0A-4D76-B246-9A282B05123E} = {6BBB1A80-252C-4EBD-B5FB-4DB1C61C992F}
		{B7B7D8C7-5E93-4D30-BB3C-DB832E9D8D84} = {6BBB1A80-252C-4EBD-B5FB-4DB1C61C992F}
	EndGlobalSection
EndGlobal
